
Microsoft Visual Studio Solution File, Format Version 12.00
# Visual Studio 15
VisualStudioVersion = 15.0.27703.2042
MinimumVisualStudioVersion = 10.0.40219.1
Project("{FAE04EC0-301F-11D3-BF4B-00C04F79EFBC}") = "StackClassLibrary", "StackClassLibrary\StackClassLibrary.csproj", "{1A72A3AA-497E-41A4-A909-0EAB5254FB38}"
EndProject
Project("{FAE04EC0-301F-11D3-BF4B-00C04F79EFBC}") = "StackUnitTestProject", "StackUnitTestProject\StackUnitTestProject.csproj", "{BCC100BE-DB93-4E09-A809-50BC186F955D}"
EndProject
Global
	GlobalSection(SolutionConfigurationPlatforms) = preSolution
		Debug|Any CPU = Debug|Any CPU
		Release|Any CPU = Release|Any CPU
	EndGlobalSection
	GlobalSection(ProjectConfigurationPlatforms) = postSolution
		{1A72A3AA-497E-41A4-A909-0EAB5254FB38}.Debug|Any CPU.ActiveCfg = Debug|Any CPU
		{1A72A3AA-497E-41A4-A909-0EAB5254FB38}.Debug|Any CPU.Build.0 = Debug|Any CPU
		{1A72A3AA-497E-41A4-A909-0EAB5254FB38}.Release|Any CPU.ActiveCfg = Release|Any CPU
		{1A72A3AA-497E-41A4-A909-0EAB5254FB38}.Release|Any CPU.Build.0 = Release|Any CPU
		{BCC100BE-DB93-4E09-A809-50BC186F955D}.Debug|Any CPU.ActiveCfg = Debug|Any CPU
		{BCC100BE-DB93-4E09-A809-50BC186F955D}.Debug|Any CPU.Build.0 = Debug|Any CPU
		{BCC100BE-DB93-4E09-A809-50BC186F955D}.Release|Any CPU.ActiveCfg = Release|Any CPU
		{BCC100BE-DB93-4E09-A809-50BC186F955D}.Release|Any CPU.Build.0 = Release|Any CPU
	EndGlobalSection
	GlobalSection(SolutionProperties) = preSolution
		HideSolutionNode = FALSE
	EndGlobalSection
	GlobalSection(ExtensibilityGlobals) = postSolution
		SolutionGuid = {2594DA99-8DDE-4CF3-88F9-5A3FD830DD49}
	EndGlobalSection
EndGlobal
